// !$*UTF8*$!
{
	archiveVersion = 1;
	classes = {
	};
	objectVersion = 50;
	objects = {

/* Begin PBXBuildFile section */
		A12E046322673373000CA7B2 /* AppDelegate.swift in Sources */ = {isa = PBXBuildFile; fileRef = A12E046222673373000CA7B2 /* AppDelegate.swift */; };
		A12E046522673373000CA7B2 /* ViewController.swift in Sources */ = {isa = PBXBuildFile; fileRef = A12E046422673373000CA7B2 /* ViewController.swift */; };
		A12E046822673373000CA7B2 /* Main.storyboard in Resources */ = {isa = PBXBuildFile; fileRef = A12E046622673373000CA7B2 /* Main.storyboard */; };
		A12E046A22673375000CA7B2 /* Assets.xcassets in Resources */ = {isa = PBXBuildFile; fileRef = A12E046922673375000CA7B2 /* Assets.xcassets */; };
		A12E046D22673375000CA7B2 /* LaunchScreen.storyboard in Resources */ = {isa = PBXBuildFile; fileRef = A12E046B22673375000CA7B2 /* LaunchScreen.storyboard */; };
		A12E047822673376000CA7B2 /* NavigatorDemoTests.swift in Sources */ = {isa = PBXBuildFile; fileRef = A12E047722673376000CA7B2 /* NavigatorDemoTests.swift */; };
		A12E048322673376000CA7B2 /* NavigatorDemoUITests.swift in Sources */ = {isa = PBXBuildFile; fileRef = A12E048222673376000CA7B2 /* NavigatorDemoUITests.swift */; };
		A12E04922267339F000CA7B2 /* Navigator.swift in Sources */ = {isa = PBXBuildFile; fileRef = A12E04912267339F000CA7B2 /* Navigator.swift */; };
		A12E049622674C73000CA7B2 /* SecondeViewController.swift in Sources */ = {isa = PBXBuildFile; fileRef = A12E049522674C73000CA7B2 /* SecondeViewController.swift */; };
		A12E049822674E69000CA7B2 /* Instantiator.swift in Sources */ = {isa = PBXBuildFile; fileRef = A12E049722674E69000CA7B2 /* Instantiator.swift */; };
		A12E049A22674E96000CA7B2 /* BaseViewController.swift in Sources */ = {isa = PBXBuildFile; fileRef = A12E049922674E96000CA7B2 /* BaseViewController.swift */; };
		A12E049C22675695000CA7B2 /* NavigationCoordinator.swift in Sources */ = {isa = PBXBuildFile; fileRef = A12E049B22675695000CA7B2 /* NavigationCoordinator.swift */; };
		A12E049E22675B03000CA7B2 /* MainNavigator.swift in Sources */ = {isa = PBXBuildFile; fileRef = A12E049D22675B03000CA7B2 /* MainNavigator.swift */; };
/* End PBXBuildFile section */

/* Begin PBXContainerItemProxy section */
		A12E047422673376000CA7B2 /* PBXContainerItemProxy */ = {
			isa = PBXContainerItemProxy;
			containerPortal = A12E045722673373000CA7B2 /* Project object */;
			proxyType = 1;
			remoteGlobalIDString = A12E045E22673373000CA7B2;
			remoteInfo = NavigatorDemo;
		};
		A12E047F22673376000CA7B2 /* PBXContainerItemProxy */ = {
			isa = PBXContainerItemProxy;
			containerPortal = A12E045722673373000CA7B2 /* Project object */;
			proxyType = 1;
			remoteGlobalIDString = A12E045E22673373000CA7B2;
			remoteInfo = NavigatorDemo;
		};
/* End PBXContainerItemProxy section */

/* Begin PBXFileReference section */
		A12E045F22673373000CA7B2 /* NavigatorDemo.app */ = {isa = PBXFileReference; explicitFileType = wrapper.application; includeInIndex = 0; path = NavigatorDemo.app; sourceTree = BUILT_PRODUCTS_DIR; };
		A12E046222673373000CA7B2 /* AppDelegate.swift */ = {isa = PBXFileReference; lastKnownFileType = sourcecode.swift; path = AppDelegate.swift; sourceTree = "<group>"; };
		A12E046422673373000CA7B2 /* ViewController.swift */ = {isa = PBXFileReference; lastKnownFileType = sourcecode.swift; path = ViewController.swift; sourceTree = "<group>"; };
		A12E046722673373000CA7B2 /* Base */ = {isa = PBXFileReference; lastKnownFileType = file.storyboard; name = Base; path = Base.lproj/Main.storyboard; sourceTree = "<group>"; };
		A12E046922673375000CA7B2 /* Assets.xcassets */ = {isa = PBXFileReference; lastKnownFileType = folder.assetcatalog; path = Assets.xcassets; sourceTree = "<group>"; };
		A12E046C22673375000CA7B2 /* Base */ = {isa = PBXFileReference; lastKnownFileType = file.storyboard; name = Base; path = Base.lproj/LaunchScreen.storyboard; sourceTree = "<group>"; };
		A12E046E22673375000CA7B2 /* Info.plist */ = {isa = PBXFileReference; lastKnownFileType = text.plist.xml; path = Info.plist; sourceTree = "<group>"; };
		A12E047322673376000CA7B2 /* NavigatorDemoTests.xctest */ = {isa = PBXFileReference; explicitFileType = wrapper.cfbundle; includeInIndex = 0; path = NavigatorDemoTests.xctest; sourceTree = BUILT_PRODUCTS_DIR; };
		A12E047722673376000CA7B2 /* NavigatorDemoTests.swift */ = {isa = PBXFileReference; lastKnownFileType = sourcecode.swift; path = NavigatorDemoTests.swift; sourceTree = "<group>"; };
		A12E047922673376000CA7B2 /* Info.plist */ = {isa = PBXFileReference; lastKnownFileType = text.plist.xml; path = Info.plist; sourceTree = "<group>"; };
		A12E047E22673376000CA7B2 /* NavigatorDemoUITests.xctest */ = {isa = PBXFileReference; explicitFileType = wrapper.cfbundle; includeInIndex = 0; path = NavigatorDemoUITests.xctest; sourceTree = BUILT_PRODUCTS_DIR; };
		A12E048222673376000CA7B2 /* NavigatorDemoUITests.swift */ = {isa = PBXFileReference; lastKnownFileType = sourcecode.swift; path = NavigatorDemoUITests.swift; sourceTree = "<group>"; };
		A12E048422673376000CA7B2 /* Info.plist */ = {isa = PBXFileReference; lastKnownFileType = text.plist.xml; path = Info.plist; sourceTree = "<group>"; };
		A12E04912267339F000CA7B2 /* Navigator.swift */ = {isa = PBXFileReference; lastKnownFileType = sourcecode.swift; path = Navigator.swift; sourceTree = "<group>"; };
		A12E049522674C73000CA7B2 /* SecondeViewController.swift */ = {isa = PBXFileReference; lastKnownFileType = sourcecode.swift; path = SecondeViewController.swift; sourceTree = "<group>"; };
		A12E049722674E69000CA7B2 /* Instantiator.swift */ = {isa = PBXFileReference; fileEncoding = 4; lastKnownFileType = sourcecode.swift; path = Instantiator.swift; sourceTree = "<group>"; };
		A12E049922674E96000CA7B2 /* BaseViewController.swift */ = {isa = PBXFileReference; lastKnownFileType = sourcecode.swift; path = BaseViewController.swift; sourceTree = "<group>"; };
		A12E049B22675695000CA7B2 /* NavigationCoordinator.swift */ = {isa = PBXFileReference; lastKnownFileType = sourcecode.swift; path = NavigationCoordinator.swift; sourceTree = "<group>"; };
		A12E049D22675B03000CA7B2 /* MainNavigator.swift */ = {isa = PBXFileReference; lastKnownFileType = sourcecode.swift; path = MainNavigator.swift; sourceTree = "<group>"; };
/* End PBXFileReference section */

/* Begin PBXFrameworksBuildPhase section */
		A12E045C22673373000CA7B2 /* Frameworks */ = {
			isa = PBXFrameworksBuildPhase;
			buildActionMask = 2147483647;
			files = (
			);
			runOnlyForDeploymentPostprocessing = 0;
		};
		A12E047022673375000CA7B2 /* Frameworks */ = {
			isa = PBXFrameworksBuildPhase;
			buildActionMask = 2147483647;
			files = (
			);
			runOnlyForDeploymentPostprocessing = 0;
		};
		A12E047B22673376000CA7B2 /* Frameworks */ = {
			isa = PBXFrameworksBuildPhase;
			buildActionMask = 2147483647;
			files = (
			);
			runOnlyForDeploymentPostprocessing = 0;
		};
/* End PBXFrameworksBuildPhase section */

/* Begin PBXGroup section */
		A12E045622673373000CA7B2 = {
			isa = PBXGroup;
			children = (
				A12E046122673373000CA7B2 /* NavigatorDemo */,
				A12E047622673376000CA7B2 /* NavigatorDemoTests */,
				A12E048122673376000CA7B2 /* NavigatorDemoUITests */,
				A12E046022673373000CA7B2 /* Products */,
			);
			sourceTree = "<group>";
		};
		A12E046022673373000CA7B2 /* Products */ = {
			isa = PBXGroup;
			children = (
				A12E045F22673373000CA7B2 /* NavigatorDemo.app */,
				A12E047322673376000CA7B2 /* NavigatorDemoTests.xctest */,
				A12E047E22673376000CA7B2 /* NavigatorDemoUITests.xctest */,
			);
			name = Products;
			sourceTree = "<group>";
		};
		A12E046122673373000CA7B2 /* NavigatorDemo */ = {
			isa = PBXGroup;
			children = (
				A12E046222673373000CA7B2 /* AppDelegate.swift */,
				A12E04902267337F000CA7B2 /* Navigator */,
				A12E049F22675B9C000CA7B2 /* ViewControllers */,
				A12E046622673373000CA7B2 /* Main.storyboard */,
				A12E046922673375000CA7B2 /* Assets.xcassets */,
				A12E046B22673375000CA7B2 /* LaunchScreen.storyboard */,
				A12E046E22673375000CA7B2 /* Info.plist */,
			);
			path = NavigatorDemo;
			sourceTree = "<group>";
		};
		A12E047622673376000CA7B2 /* NavigatorDemoTests */ = {
			isa = PBXGroup;
			children = (
				A12E047722673376000CA7B2 /* NavigatorDemoTests.swift */,
				A12E047922673376000CA7B2 /* Info.plist */,
			);
			path = NavigatorDemoTests;
			sourceTree = "<group>";
		};
		A12E048122673376000CA7B2 /* NavigatorDemoUITests */ = {
			isa = PBXGroup;
			children = (
				A12E048222673376000CA7B2 /* NavigatorDemoUITests.swift */,
				A12E048422673376000CA7B2 /* Info.plist */,
			);
			path = NavigatorDemoUITests;
			sourceTree = "<group>";
		};
		A12E04902267337F000CA7B2 /* Navigator */ = {
			isa = PBXGroup;
			children = (
				A12E04912267339F000CA7B2 /* Navigator.swift */,
				A12E049722674E69000CA7B2 /* Instantiator.swift */,
				A12E049D22675B03000CA7B2 /* MainNavigator.swift */,
				A12E049B22675695000CA7B2 /* NavigationCoordinator.swift */,
			);
			path = Navigator;
			sourceTree = "<group>";
		};
		A12E049F22675B9C000CA7B2 /* ViewControllers */ = {
			isa = PBXGroup;
			children = (
				A12E049922674E96000CA7B2 /* BaseViewController.swift */,
				A12E046422673373000CA7B2 /* ViewController.swift */,
				A12E049522674C73000CA7B2 /* SecondeViewController.swift */,
			);
			path = ViewControllers;
			sourceTree = "<group>";
		};
/* End PBXGroup section */

/* Begin PBXNativeTarget section */
		A12E045E22673373000CA7B2 /* NavigatorDemo */ = {
			isa = PBXNativeTarget;
			buildConfigurationList = A12E048722673376000CA7B2 /* Build configuration list for PBXNativeTarget "NavigatorDemo" */;
			buildPhases = (
				A12E045B22673373000CA7B2 /* Sources */,
				A12E045C22673373000CA7B2 /* Frameworks */,
				A12E045D22673373000CA7B2 /* Resources */,
			);
			buildRules = (
			);
			dependencies = (
			);
			name = NavigatorDemo;
			productName = NavigatorDemo;
			productReference = A12E045F22673373000CA7B2 /* NavigatorDemo.app */;
			productType = "com.apple.product-type.application";
		};
		A12E047222673375000CA7B2 /* NavigatorDemoTests */ = {
			isa = PBXNativeTarget;
			buildConfigurationList = A12E048A22673376000CA7B2 /* Build configuration list for PBXNativeTarget "NavigatorDemoTests" */;
			buildPhases = (
				A12E046F22673375000CA7B2 /* Sources */,
				A12E047022673375000CA7B2 /* Frameworks */,
				A12E047122673375000CA7B2 /* Resources */,
			);
			buildRules = (
			);
			dependencies = (
				A12E047522673376000CA7B2 /* PBXTargetDependency */,
			);
			name = NavigatorDemoTests;
			productName = NavigatorDemoTests;
			productReference = A12E047322673376000CA7B2 /* NavigatorDemoTests.xctest */;
			productType = "com.apple.product-type.bundle.unit-test";
		};
		A12E047D22673376000CA7B2 /* NavigatorDemoUITests */ = {
			isa = PBXNativeTarget;
			buildConfigurationList = A12E048D22673376000CA7B2 /* Build configuration list for PBXNativeTarget "NavigatorDemoUITests" */;
			buildPhases = (
				A12E047A22673376000CA7B2 /* Sources */,
				A12E047B22673376000CA7B2 /* Frameworks */,
				A12E047C22673376000CA7B2 /* Resources */,
			);
			buildRules = (
			);
			dependencies = (
				A12E048022673376000CA7B2 /* PBXTargetDependency */,
			);
			name = NavigatorDemoUITests;
			productName = NavigatorDemoUITests;
			productReference = A12E047E22673376000CA7B2 /* NavigatorDemoUITests.xctest */;
			productType = "com.apple.product-type.bundle.ui-testing";
		};
/* End PBXNativeTarget section */

/* Begin PBXProject section */
		A12E045722673373000CA7B2 /* Project object */ = {
			isa = PBXProject;
			attributes = {
				LastSwiftUpdateCheck = 1010;
				LastUpgradeCheck = 1010;
				ORGANIZATIONNAME = HNF;
				TargetAttributes = {
					A12E045E22673373000CA7B2 = {
						CreatedOnToolsVersion = 10.1;
					};
					A12E047222673375000CA7B2 = {
						CreatedOnToolsVersion = 10.1;
						TestTargetID = A12E045E22673373000CA7B2;
					};
					A12E047D22673376000CA7B2 = {
						CreatedOnToolsVersion = 10.1;
						TestTargetID = A12E045E22673373000CA7B2;
					};
				};
			};
			buildConfigurationList = A12E045A22673373000CA7B2 /* Build configuration list for PBXProject "NavigatorDemo" */;
			compatibilityVersion = "Xcode 9.3";
			developmentRegion = en;
			hasScannedForEncodings = 0;
			knownRegions = (
				en,
				Base,
			);
			mainGroup = A12E045622673373000CA7B2;
			productRefGroup = A12E046022673373000CA7B2 /* Products */;
			projectDirPath = "";
			projectRoot = "";
			targets = (
				A12E045E22673373000CA7B2 /* NavigatorDemo */,
				A12E047222673375000CA7B2 /* NavigatorDemoTests */,
				A12E047D22673376000CA7B2 /* NavigatorDemoUITests */,
			);
		};
/* End PBXProject section */

/* Begin PBXResourcesBuildPhase section */
		A12E045D22673373000CA7B2 /* Resources */ = {
			isa = PBXResourcesBuildPhase;
			buildActionMask = 2147483647;
			files = (
				A12E046D22673375000CA7B2 /* LaunchScreen.storyboard in Resources */,
				A12E046A22673375000CA7B2 /* Assets.xcassets in Resources */,
				A12E046822673373000CA7B2 /* Main.storyboard in Resources */,
			);
			runOnlyForDeploymentPostprocessing = 0;
		};
		A12E047122673375000CA7B2 /* Resources */ = {
			isa = PBXResourcesBuildPhase;
			buildActionMask = 2147483647;
			files = (
			);
			runOnlyForDeploymentPostprocessing = 0;
		};
		A12E047C22673376000CA7B2 /* Resources */ = {
			isa = PBXResourcesBuildPhase;
			buildActionMask = 2147483647;
			files = (
			);
			runOnlyForDeploymentPostprocessing = 0;
		};
/* End PBXResourcesBuildPhase section */

/* Begin PBXSourcesBuildPhase section */
		A12E045B22673373000CA7B2 /* Sources */ = {
			isa = PBXSourcesBuildPhase;
			buildActionMask = 2147483647;
			files = (
				A12E049822674E69000CA7B2 /* Instantiator.swift in Sources */,
				A12E046522673373000CA7B2 /* ViewController.swift in Sources */,
				A12E049622674C73000CA7B2 /* SecondeViewController.swift in Sources */,
				A12E046322673373000CA7B2 /* AppDelegate.swift in Sources */,
				A12E04922267339F000CA7B2 /* Navigator.swift in Sources */,
				A12E049A22674E96000CA7B2 /* BaseViewController.swift in Sources */,
				A12E049E22675B03000CA7B2 /* MainNavigator.swift in Sources */,
				A12E049C22675695000CA7B2 /* NavigationCoordinator.swift in Sources */,
			);
			runOnlyForDeploymentPostprocessing = 0;
		};
		A12E046F22673375000CA7B2 /* Sources */ = {
			isa = PBXSourcesBuildPhase;
			buildActionMask = 2147483647;
			files = (
				A12E047822673376000CA7B2 /* NavigatorDemoTests.swift in Sources */,
			);
			runOnlyForDeploymentPostprocessing = 0;
		};
		A12E047A22673376000CA7B2 /* Sources */ = {
			isa = PBXSourcesBuildPhase;
			buildActionMask = 2147483647;
			files = (
				A12E048322673376000CA7B2 /* NavigatorDemoUITests.swift in Sources */,
			);
			runOnlyForDeploymentPostprocessing = 0;
		};
/* End PBXSourcesBuildPhase section */

/* Begin PBXTargetDependency section */
		A12E047522673376000CA7B2 /* PBXTargetDependency */ = {
			isa = PBXTargetDependency;
			target = A12E045E22673373000CA7B2 /* NavigatorDemo */;
			targetProxy = A12E047422673376000CA7B2 /* PBXContainerItemProxy */;
		};
		A12E048022673376000CA7B2 /* PBXTargetDependency */ = {
			isa = PBXTargetDependency;
			target = A12E045E22673373000CA7B2 /* NavigatorDemo */;
			targetProxy = A12E047F22673376000CA7B2 /* PBXContainerItemProxy */;
		};
/* End PBXTargetDependency section */

/* Begin PBXVariantGroup section */
		A12E046622673373000CA7B2 /* Main.storyboard */ = {
			isa = PBXVariantGroup;
			children = (
				A12E046722673373000CA7B2 /* Base */,
			);
			name = Main.storyboard;
			sourceTree = "<group>";
		};
		A12E046B22673375000CA7B2 /* LaunchScreen.storyboard */ = {
			isa = PBXVariantGroup;
			children = (
				A12E046C22673375000CA7B2 /* Base */,
			);
			name = LaunchScreen.storyboard;
			sourceTree = "<group>";
		};
/* End PBXVariantGroup section */

/* Begin XCBuildConfiguration section */
		A12E048522673376000CA7B2 /* Debug */ = {
			isa = XCBuildConfiguration;
			buildSettings = {
				ALWAYS_SEARCH_USER_PATHS = NO;
				CLANG_ANALYZER_NONNULL = YES;
				CLANG_ANALYZER_NUMBER_OBJECT_CONVERSION = YES_AGGRESSIVE;
				CLANG_CXX_LANGUAGE_STANDARD = "gnu++14";
				CLANG_CXX_LIBRARY = "libc++";
				CLANG_ENABLE_MODULES = YES;
				CLANG_ENABLE_OBJC_ARC = YES;
				CLANG_ENABLE_OBJC_WEAK = YES;
				CLANG_WARN_BLOCK_CAPTURE_AUTORELEASING = YES;
				CLANG_WARN_BOOL_CONVERSION = YES;
				CLANG_WARN_COMMA = YES;
				CLANG_WARN_CONSTANT_CONVERSION = YES;
				CLANG_WARN_DEPRECATED_OBJC_IMPLEMENTATIONS = YES;
				CLANG_WARN_DIRECT_OBJC_ISA_USAGE = YES_ERROR;
				CLANG_WARN_DOCUMENTATION_COMMENTS = YES;
				CLANG_WARN_EMPTY_BODY = YES;
				CLANG_WARN_ENUM_CONVERSION = YES;
				CLANG_WARN_INFINITE_RECURSION = YES;
				CLANG_WARN_INT_CONVERSION = YES;
				CLANG_WARN_NON_LITERAL_NULL_CONVERSION = YES;
				CLANG_WARN_OBJC_IMPLICIT_RETAIN_SELF = YES;
				CLANG_WARN_OBJC_LITERAL_CONVERSION = YES;
				CLANG_WARN_OBJC_ROOT_CLASS = YES_ERROR;
				CLANG_WARN_RANGE_LOOP_ANALYSIS = YES;
				CLANG_WARN_STRICT_PROTOTYPES = YES;
				CLANG_WARN_SUSPICIOUS_MOVE = YES;
				CLANG_WARN_UNGUARDED_AVAILABILITY = YES_AGGRESSIVE;
				CLANG_WARN_UNREACHABLE_CODE = YES;
				CLANG_WARN__DUPLICATE_METHOD_MATCH = YES;
				CODE_SIGN_IDENTITY = "iPhone Developer";
				COPY_PHASE_STRIP = NO;
				DEBUG_INFORMATION_FORMAT = dwarf;
				ENABLE_STRICT_OBJC_MSGSEND = YES;
				ENABLE_TESTABILITY = YES;
				GCC_C_LANGUAGE_STANDARD = gnu11;
				GCC_DYNAMIC_NO_PIC = NO;
				GCC_NO_COMMON_BLOCKS = YES;
				GCC_OPTIMIZATION_LEVEL = 0;
				GCC_PREPROCESSOR_DEFINITIONS = (
					"DEBUG=1",
					"$(inherited)",
				);
				GCC_WARN_64_TO_32_BIT_CONVERSION = YES;
				GCC_WARN_ABOUT_RETURN_TYPE = YES_ERROR;
				GCC_WARN_UNDECLARED_SELECTOR = YES;
				GCC_WARN_UNINITIALIZED_AUTOS = YES_AGGRESSIVE;
				GCC_WARN_UNUSED_FUNCTION = YES;
				GCC_WARN_UNUSED_VARIABLE = YES;
				IPHONEOS_DEPLOYMENT_TARGET = 12.1;
				MTL_ENABLE_DEBUG_INFO = INCLUDE_SOURCE;
				MTL_FAST_MATH = YES;
				ONLY_ACTIVE_ARCH = YES;
				SDKROOT = iphoneos;
				SWIFT_ACTIVE_COMPILATION_CONDITIONS = DEBUG;
				SWIFT_OPTIMIZATION_LEVEL = "-Onone";
			};
			name = Debug;
		};
		A12E048622673376000CA7B2 /* Release */ = {
			isa = XCBuildConfiguration;
			buildSettings = {
				ALWAYS_SEARCH_USER_PATHS = NO;
				CLANG_ANALYZER_NONNULL = YES;
				CLANG_ANALYZER_NUMBER_OBJECT_CONVERSION = YES_AGGRESSIVE;
				CLANG_CXX_LANGUAGE_STANDARD = "gnu++14";
				CLANG_CXX_LIBRARY = "libc++";
				CLANG_ENABLE_MODULES = YES;
				CLANG_ENABLE_OBJC_ARC = YES;
				CLANG_ENABLE_OBJC_WEAK = YES;
				CLANG_WARN_BLOCK_CAPTURE_AUTORELEASING = YES;
				CLANG_WARN_BOOL_CONVERSION = YES;
				CLANG_WARN_COMMA = YES;
				CLANG_WARN_CONSTANT_CONVERSION = YES;
				CLANG_WARN_DEPRECATED_OBJC_IMPLEMENTATIONS = YES;
				CLANG_WARN_DIRECT_OBJC_ISA_USAGE = YES_ERROR;
				CLANG_WARN_DOCUMENTATION_COMMENTS = YES;
				CLANG_WARN_EMPTY_BODY = YES;
				CLANG_WARN_ENUM_CONVERSION = YES;
				CLANG_WARN_INFINITE_RECURSION = YES;
				CLANG_WARN_INT_CONVERSION = YES;
				CLANG_WARN_NON_LITERAL_NULL_CONVERSION = YES;
				CLANG_WARN_OBJC_IMPLICIT_RETAIN_SELF = YES;
				CLANG_WARN_OBJC_LITERAL_CONVERSION = YES;
				CLANG_WARN_OBJC_ROOT_CLASS = YES_ERROR;
				CLANG_WARN_RANGE_LOOP_ANALYSIS = YES;
				CLANG_WARN_STRICT_PROTOTYPES = YES;
				CLANG_WARN_SUSPICIOUS_MOVE = YES;
				CLANG_WARN_UNGUARDED_AVAILABILITY = YES_AGGRESSIVE;
				CLANG_WARN_UNREACHABLE_CODE = YES;
				CLANG_WARN__DUPLICATE_METHOD_MATCH = YES;
				CODE_SIGN_IDENTITY = "iPhone Developer";
				COPY_PHASE_STRIP = NO;
				DEBUG_INFORMATION_FORMAT = "dwarf-with-dsym";
				ENABLE_NS_ASSERTIONS = NO;
				ENABLE_STRICT_OBJC_MSGSEND = YES;
				GCC_C_LANGUAGE_STANDARD = gnu11;
				GCC_NO_COMMON_BLOCKS = YES;
				GCC_WARN_64_TO_32_BIT_CONVERSION = YES;
				GCC_WARN_ABOUT_RETURN_TYPE = YES_ERROR;
				GCC_WARN_UNDECLARED_SELECTOR = YES;
				GCC_WARN_UNINITIALIZED_AUTOS = YES_AGGRESSIVE;
				GCC_WARN_UNUSED_FUNCTION = YES;
				GCC_WARN_UNUSED_VARIABLE = YES;
				IPHONEOS_DEPLOYMENT_TARGET = 12.1;
				MTL_ENABLE_DEBUG_INFO = NO;
				MTL_FAST_MATH = YES;
				SDKROOT = iphoneos;
				SWIFT_COMPILATION_MODE = wholemodule;
				SWIFT_OPTIMIZATION_LEVEL = "-O";
				VALIDATE_PRODUCT = YES;
			};
			name = Release;
		};
		A12E048822673376000CA7B2 /* Debug */ = {
			isa = XCBuildConfiguration;
			buildSettings = {
				ASSETCATALOG_COMPILER_APPICON_NAME = AppIcon;
				CODE_SIGN_STYLE = Automatic;
				DEVELOPMENT_TEAM = T7ABKFTL2Z;
				INFOPLIST_FILE = NavigatorDemo/Info.plist;
				LD_RUNPATH_SEARCH_PATHS = (
					"$(inherited)",
					"@executable_path/Frameworks",
				);
				PRODUCT_BUNDLE_IDENTIFIER = com.HNF.NavigatorDemo;
				PRODUCT_NAME = "$(TARGET_NAME)";
				SWIFT_VERSION = 4.0;
				TARGETED_DEVICE_FAMILY = "1,2";
			};
			name = Debug;
		};
		A12E048922673376000CA7B2 /* Release */ = {
			isa = XCBuildConfiguration;
			buildSettings = {
				ASSETCATALOG_COMPILER_APPICON_NAME = AppIcon;
				CODE_SIGN_STYLE = Automatic;
				DEVELOPMENT_TEAM = T7ABKFTL2Z;
				INFOPLIST_FILE = NavigatorDemo/Info.plist;
				LD_RUNPATH_SEARCH_PATHS = (
					"$(inherited)",
					"@executable_path/Frameworks",
				);
				PRODUCT_BUNDLE_IDENTIFIER = com.HNF.NavigatorDemo;
				PRODUCT_NAME = "$(TARGET_NAME)";
				SWIFT_VERSION = 4.0;
				TARGETED_DEVICE_FAMILY = "1,2";
			};
			name = Release;
		};
		A12E048B22673376000CA7B2 /* Debug */ = {
			isa = XCBuildConfiguration;
			buildSettings = {
				ALWAYS_EMBED_SWIFT_STANDARD_LIBRARIES = YES;
				BUNDLE_LOADER = "$(TEST_HOST)";
				CODE_SIGN_STYLE = Automatic;
				DEVELOPMENT_TEAM = T7ABKFTL2Z;
				INFOPLIST_FILE = NavigatorDemoTests/Info.plist;
				LD_RUNPATH_SEARCH_PATHS = (
					"$(inherited)",
					"@executable_path/Frameworks",
					"@loader_path/Frameworks",
				);
				PRODUCT_BUNDLE_IDENTIFIER = com.HNF.NavigatorDemoTests;
				PRODUCT_NAME = "$(TARGET_NAME)";
				SWIFT_VERSION = 4.2;
				TARGETED_DEVICE_FAMILY = "1,2";
				TEST_HOST = "$(BUILT_PRODUCTS_DIR)/NavigatorDemo.app/NavigatorDemo";
			};
			name = Debug;
		};
		A12E048C22673376000CA7B2 /* Release */ = {
			isa = XCBuildConfiguration;
			buildSettings = {
				ALWAYS_EMBED_SWIFT_STANDARD_LIBRARIES = YES;
				BUNDLE_LOADER = "$(TEST_HOST)";
				CODE_SIGN_STYLE = Automatic;
				DEVELOPMENT_TEAM = T7ABKFTL2Z;
				INFOPLIST_FILE = NavigatorDemoTests/Info.plist;
				LD_RUNPATH_SEARCH_PATHS = (
					"$(inherited)",
					"@executable_path/Frameworks",
					"@loader_path/Frameworks",
				);
				PRODUCT_BUNDLE_IDENTIFIER = com.HNF.NavigatorDemoTests;
				PRODUCT_NAME = "$(TARGET_NAME)";
				SWIFT_VERSION = 4.2;
				TARGETED_DEVICE_FAMILY = "1,2";
				TEST_HOST = "$(BUILT_PRODUCTS_DIR)/NavigatorDemo.app/NavigatorDemo";
			};
			name = Release;
		};
		A12E048E22673376000CA7B2 /* Debug */ = {
			isa = XCBuildConfiguration;
			buildSettings = {
				ALWAYS_EMBED_SWIFT_STANDARD_LIBRARIES = YES;
				CODE_SIGN_STYLE = Automatic;
				DEVELOPMENT_TEAM = T7ABKFTL2Z;
				INFOPLIST_FILE = NavigatorDemoUITests/Info.plist;
				LD_RUNPATH_SEARCH_PATHS = (
					"$(inherited)",
					"@executable_path/Frameworks",
					"@loader_path/Frameworks",
				);
				PRODUCT_BUNDLE_IDENTIFIER = com.HNF.NavigatorDemoUITests;
				PRODUCT_NAME = "$(TARGET_NAME)";
				SWIFT_VERSION = 4.2;
				TARGETED_DEVICE_FAMILY = "1,2";
				TEST_TARGET_NAME = NavigatorDemo;
			};
			name = Debug;
		};
		A12E048F22673376000CA7B2 /* Release */ = {
			isa = XCBuildConfiguration;
			buildSettings = {
				ALWAYS_EMBED_SWIFT_STANDARD_LIBRARIES = YES;
				CODE_SIGN_STYLE = Automatic;
				DEVELOPMENT_TEAM = T7ABKFTL2Z;
				INFOPLIST_FILE = NavigatorDemoUITests/Info.plist;
				LD_RUNPATH_SEARCH_PATHS = (
					"$(inherited)",
					"@executable_path/Frameworks",
					"@loader_path/Frameworks",
				);
				PRODUCT_BUNDLE_IDENTIFIER = com.HNF.NavigatorDemoUITests;
				PRODUCT_NAME = "$(TARGET_NAME)";
				SWIFT_VERSION = 4.2;
				TARGETED_DEVICE_FAMILY = "1,2";
				TEST_TARGET_NAME = NavigatorDemo;
			};
			name = Release;
		};
/* End XCBuildConfiguration section */

/* Begin XCConfigurationList section */
		A12E045A22673373000CA7B2 /* Build configuration list for PBXProject "NavigatorDemo" */ = {
			isa = XCConfigurationList;
			buildConfigurations = (
				A12E048522673376000CA7B2 /* Debug */,
				A12E048622673376000CA7B2 /* Release */,
			);
			defaultConfigurationIsVisible = 0;
			defaultConfigurationName = Release;
		};
		A12E048722673376000CA7B2 /* Build configuration list for PBXNativeTarget "NavigatorDemo" */ = {
			isa = XCConfigurationList;
			buildConfigurations = (
				A12E048822673376000CA7B2 /* Debug */,
				A12E048922673376000CA7B2 /* Release */,
			);
			defaultConfigurationIsVisible = 0;
			defaultConfigurationName = Release;
		};
		A12E048A22673376000CA7B2 /* Build configuration list for PBXNativeTarget "NavigatorDemoTests" */ = {
			isa = XCConfigurationList;
			buildConfigurations = (
				A12E048B22673376000CA7B2 /* Debug */,
				A12E048C22673376000CA7B2 /* Release */,
			);
			defaultConfigurationIsVisible = 0;
			defaultConfigurationName = Release;
		};
		A12E048D22673376000CA7B2 /* Build configuration list for PBXNativeTarget "NavigatorDemoUITests" */ = {
			isa = XCConfigurationList;
			buildConfigurations = (
				A12E048E22673376000CA7B2 /* Debug */,
				A12E048F22673376000CA7B2 /* Release */,
			);
			defaultConfigurationIsVisible = 0;
			defaultConfigurationName = Release;
		};
/* End XCConfigurationList section */
	};
	rootObject = A12E045722673373000CA7B2 /* Project object */;
}
